// !$*UTF8*$!
{
	archiveVersion = 1;
	classes = {
	};
	objectVersion = 50;
	objects = {

/* Begin PBXBuildFile section */
		F0C1C7252525800C00D3E5BE /* AppDelegate.swift in Sources */ = {isa = PBXBuildFile; fileRef = F0C1C7242525800C00D3E5BE /* AppDelegate.swift */; };
		F0C1C7272525800C00D3E5BE /* SceneDelegate.swift in Sources */ = {isa = PBXBuildFile; fileRef = F0C1C7262525800C00D3E5BE /* SceneDelegate.swift */; };
		F0C1C7292525800C00D3E5BE /* ContentView.swift in Sources */ = {isa = PBXBuildFile; fileRef = F0C1C7282525800C00D3E5BE /* ContentView.swift */; };
		F0C1C72B2525800C00D3E5BE /* Assets.xcassets in Resources */ = {isa = PBXBuildFile; fileRef = F0C1C72A2525800C00D3E5BE /* Assets.xcassets */; };
		F0C1C72E2525800C00D3E5BE /* Preview Assets.xcassets in Resources */ = {isa = PBXBuildFile; fileRef = F0C1C72D2525800C00D3E5BE /* Preview Assets.xcassets */; };
		F0C1C7312525800C00D3E5BE /* LaunchScreen.storyboard in Resources */ = {isa = PBXBuildFile; fileRef = F0C1C72F2525800C00D3E5BE /* LaunchScreen.storyboard */; };
		F0C1C73C2525800D00D3E5BE /* Module_2_DemoTests.swift in Sources */ = {isa = PBXBuildFile; fileRef = F0C1C73B2525800D00D3E5BE /* Module_2_DemoTests.swift */; };
		F0C1C7472525800D00D3E5BE /* Module_2_DemoUITests.swift in Sources */ = {isa = PBXBuildFile; fileRef = F0C1C7462525800D00D3E5BE /* Module_2_DemoUITests.swift */; };
/* End PBXBuildFile section */

/* Begin PBXContainerItemProxy section */
		F0C1C7382525800D00D3E5BE /* PBXContainerItemProxy */ = {
			isa = PBXContainerItemProxy;
			containerPortal = F0C1C7192525800B00D3E5BE /* Project object */;
			proxyType = 1;
			remoteGlobalIDString = F0C1C7202525800C00D3E5BE;
			remoteInfo = "Module 2 Demo";
		};
		F0C1C7432525800D00D3E5BE /* PBXContainerItemProxy */ = {
			isa = PBXContainerItemProxy;
			containerPortal = F0C1C7192525800B00D3E5BE /* Project object */;
			proxyType = 1;
			remoteGlobalIDString = F0C1C7202525800C00D3E5BE;
			remoteInfo = "Module 2 Demo";
		};
/* End PBXContainerItemProxy section */

/* Begin PBXFileReference section */
		F0C1C7212525800C00D3E5BE /* Module 2 Demo.app */ = {isa = PBXFileReference; explicitFileType = wrapper.application; includeInIndex = 0; path = "Module 2 Demo.app"; sourceTree = BUILT_PRODUCTS_DIR; };
		F0C1C7242525800C00D3E5BE /* AppDelegate.swift */ = {isa = PBXFileReference; lastKnownFileType = sourcecode.swift; path = AppDelegate.swift; sourceTree = "<group>"; };
		F0C1C7262525800C00D3E5BE /* SceneDelegate.swift */ = {isa = PBXFileReference; lastKnownFileType = sourcecode.swift; path = SceneDelegate.swift; sourceTree = "<group>"; };
		F0C1C7282525800C00D3E5BE /* ContentView.swift */ = {isa = PBXFileReference; lastKnownFileType = sourcecode.swift; path = ContentView.swift; sourceTree = "<group>"; };
		F0C1C72A2525800C00D3E5BE /* Assets.xcassets */ = {isa = PBXFileReference; lastKnownFileType = folder.assetcatalog; path = Assets.xcassets; sourceTree = "<group>"; };
		F0C1C72D2525800C00D3E5BE /* Preview Assets.xcassets */ = {isa = PBXFileReference; lastKnownFileType = folder.assetcatalog; path = "Preview Assets.xcassets"; sourceTree = "<group>"; };
		F0C1C7302525800C00D3E5BE /* Base */ = {isa = PBXFileReference; lastKnownFileType = file.storyboard; name = Base; path = Base.lproj/LaunchScreen.storyboard; sourceTree = "<group>"; };
		F0C1C7322525800C00D3E5BE /* Info.plist */ = {isa = PBXFileReference; lastKnownFileType = text.plist.xml; path = Info.plist; sourceTree = "<group>"; };
		F0C1C7372525800D00D3E5BE /* Module 2 DemoTests.xctest */ = {isa = PBXFileReference; explicitFileType = wrapper.cfbundle; includeInIndex = 0; path = "Module 2 DemoTests.xctest"; sourceTree = BUILT_PRODUCTS_DIR; };
		F0C1C73B2525800D00D3E5BE /* Module_2_DemoTests.swift */ = {isa = PBXFileReference; lastKnownFileType = sourcecode.swift; path = Module_2_DemoTests.swift; sourceTree = "<group>"; };
		F0C1C73D2525800D00D3E5BE /* Info.plist */ = {isa = PBXFileReference; lastKnownFileType = text.plist.xml; path = Info.plist; sourceTree = "<group>"; };
		F0C1C7422525800D00D3E5BE /* Module 2 DemoUITests.xctest */ = {isa = PBXFileReference; explicitFileType = wrapper.cfbundle; includeInIndex = 0; path = "Module 2 DemoUITests.xctest"; sourceTree = BUILT_PRODUCTS_DIR; };
		F0C1C7462525800D00D3E5BE /* Module_2_DemoUITests.swift */ = {isa = PBXFileReference; lastKnownFileType = sourcecode.swift; path = Module_2_DemoUITests.swift; sourceTree = "<group>"; };
		F0C1C7482525800D00D3E5BE /* Info.plist */ = {isa = PBXFileReference; lastKnownFileType = text.plist.xml; path = Info.plist; sourceTree = "<group>"; };
/* End PBXFileReference section */

/* Begin PBXFrameworksBuildPhase section */
		F0C1C71E2525800C00D3E5BE /* Frameworks */ = {
			isa = PBXFrameworksBuildPhase;
			buildActionMask = 2147483647;
			files = (
			);
			runOnlyForDeploymentPostprocessing = 0;
		};
		F0C1C7342525800D00D3E5BE /* Frameworks */ = {
			isa = PBXFrameworksBuildPhase;
			buildActionMask = 2147483647;
			files = (
			);
			runOnlyForDeploymentPostprocessing = 0;
		};
		F0C1C73F2525800D00D3E5BE /* Frameworks */ = {
			isa = PBXFrameworksBuildPhase;
			buildActionMask = 2147483647;
			files = (
			);
			runOnlyForDeploymentPostprocessing = 0;
		};
/* End PBXFrameworksBuildPhase section */

/* Begin PBXGroup section */
		F0C1C7182525800B00D3E5BE = {
			isa = PBXGroup;
			children = (
				F0C1C7232525800C00D3E5BE /* Module 2 Demo */,
				F0C1C73A2525800D00D3E5BE /* Module 2 DemoTests */,
				F0C1C7452525800D00D3E5BE /* Module 2 DemoUITests */,
				F0C1C7222525800C00D3E5BE /* Products */,
			);
			sourceTree = "<group>";
		};
		F0C1C7222525800C00D3E5BE /* Products */ = {
			isa = PBXGroup;
			children = (
				F0C1C7212525800C00D3E5BE /* Module 2 Demo.app */,
				F0C1C7372525800D00D3E5BE /* Module 2 DemoTests.xctest */,
				F0C1C7422525800D00D3E5BE /* Module 2 DemoUITests.xctest */,
			);
			name = Products;
			sourceTree = "<group>";
		};
		F0C1C7232525800C00D3E5BE /* Module 2 Demo */ = {
			isa = PBXGroup;
			children = (
				F0C1C7242525800C00D3E5BE /* AppDelegate.swift */,
				F0C1C7262525800C00D3E5BE /* SceneDelegate.swift */,
				F0C1C7282525800C00D3E5BE /* ContentView.swift */,
				F0C1C72A2525800C00D3E5BE /* Assets.xcassets */,
				F0C1C72F2525800C00D3E5BE /* LaunchScreen.storyboard */,
				F0C1C7322525800C00D3E5BE /* Info.plist */,
				F0C1C72C2525800C00D3E5BE /* Preview Content */,
			);
			path = "Module 2 Demo";
			sourceTree = "<group>";
		};
		F0C1C72C2525800C00D3E5BE /* Preview Content */ = {
			isa = PBXGroup;
			children = (
				F0C1C72D2525800C00D3E5BE /* Preview Assets.xcassets */,
			);
			path = "Preview Content";
			sourceTree = "<group>";
		};
		F0C1C73A2525800D00D3E5BE /* Module 2 DemoTests */ = {
			isa = PBXGroup;
			children = (
				F0C1C73B2525800D00D3E5BE /* Module_2_DemoTests.swift */,
				F0C1C73D2525800D00D3E5BE /* Info.plist */,
			);
			path = "Module 2 DemoTests";
			sourceTree = "<group>";
		};
		F0C1C7452525800D00D3E5BE /* Module 2 DemoUITests */ = {
			isa = PBXGroup;
			children = (
				F0C1C7462525800D00D3E5BE /* Module_2_DemoUITests.swift */,
				F0C1C7482525800D00D3E5BE /* Info.plist */,
			);
			path = "Module 2 DemoUITests";
			sourceTree = "<group>";
		};
/* End PBXGroup section */

/* Begin PBXNativeTarget section */
		F0C1C7202525800C00D3E5BE /* Module 2 Demo */ = {
			isa = PBXNativeTarget;
			buildConfigurationList = F0C1C74B2525800D00D3E5BE /* Build configuration list for PBXNativeTarget "Module 2 Demo" */;
			buildPhases = (
				F0C1C71D2525800C00D3E5BE /* Sources */,
				F0C1C71E2525800C00D3E5BE /* Frameworks */,
				F0C1C71F2525800C00D3E5BE /* Resources */,
			);
			buildRules = (
			);
			dependencies = (
			);
			name = "Module 2 Demo";
			productName = "Module 2 Demo";
			productReference = F0C1C7212525800C00D3E5BE /* Module 2 Demo.app */;
			productType = "com.apple.product-type.application";
		};
		F0C1C7362525800D00D3E5BE /* Module 2 DemoTests */ = {
			isa = PBXNativeTarget;
			buildConfigurationList = F0C1C74E2525800D00D3E5BE /* Build configuration list for PBXNativeTarget "Module 2 DemoTests" */;
			buildPhases = (
				F0C1C7332525800D00D3E5BE /* Sources */,
				F0C1C7342525800D00D3E5BE /* Frameworks */,
				F0C1C7352525800D00D3E5BE /* Resources */,
			);
			buildRules = (
			);
			dependencies = (
				F0C1C7392525800D00D3E5BE /* PBXTargetDependency */,
			);
			name = "Module 2 DemoTests";
			productName = "Module 2 DemoTests";
			productReference = F0C1C7372525800D00D3E5BE /* Module 2 DemoTests.xctest */;
			productType = "com.apple.product-type.bundle.unit-test";
		};
		F0C1C7412525800D00D3E5BE /* Module 2 DemoUITests */ = {
			isa = PBXNativeTarget;
			buildConfigurationList = F0C1C7512525800D00D3E5BE /* Build configuration list for PBXNativeTarget "Module 2 DemoUITests" */;
			buildPhases = (
				F0C1C73E2525800D00D3E5BE /* Sources */,
				F0C1C73F2525800D00D3E5BE /* Frameworks */,
				F0C1C7402525800D00D3E5BE /* Resources */,
			);
			buildRules = (
			);
			dependencies = (
				F0C1C7442525800D00D3E5BE /* PBXTargetDependency */,
			);
			name = "Module 2 DemoUITests";
			productName = "Module 2 DemoUITests";
			productReference = F0C1C7422525800D00D3E5BE /* Module 2 DemoUITests.xctest */;
			productType = "com.apple.product-type.bundle.ui-testing";
		};
/* End PBXNativeTarget section */

/* Begin PBXProject section */
		F0C1C7192525800B00D3E5BE /* Project object */ = {
			isa = PBXProject;
			attributes = {
				LastSwiftUpdateCheck = 1170;
				LastUpgradeCheck = 1170;
				ORGANIZATIONNAME = "J Bee";
				TargetAttributes = {
					F0C1C7202525800C00D3E5BE = {
						CreatedOnToolsVersion = 11.7;
					};
					F0C1C7362525800D00D3E5BE = {
						CreatedOnToolsVersion = 11.7;
						TestTargetID = F0C1C7202525800C00D3E5BE;
					};
					F0C1C7412525800D00D3E5BE = {
						CreatedOnToolsVersion = 11.7;
						TestTargetID = F0C1C7202525800C00D3E5BE;
					};
				};
			};
			buildConfigurationList = F0C1C71C2525800B00D3E5BE /* Build configuration list for PBXProject "Module 2 Demo" */;
			compatibilityVersion = "Xcode 9.3";
			developmentRegion = en;
			hasScannedForEncodings = 0;
			knownRegions = (
				en,
				Base,
			);
			mainGroup = F0C1C7182525800B00D3E5BE;
			productRefGroup = F0C1C7222525800C00D3E5BE /* Products */;
			projectDirPath = "";
			projectRoot = "";
			targets = (
				F0C1C7202525800C00D3E5BE /* Module 2 Demo */,
				F0C1C7362525800D00D3E5BE /* Module 2 DemoTests */,
				F0C1C7412525800D00D3E5BE /* Module 2 DemoUITests */,
			);
		};
/* End PBXProject section */

/* Begin PBXResourcesBuildPhase section */
		F0C1C71F2525800C00D3E5BE /* Resources */ = {
			isa = PBXResourcesBuildPhase;
			buildActionMask = 2147483647;
			files = (
				F0C1C7312525800C00D3E5BE /* LaunchScreen.storyboard in Resources */,
				F0C1C72E2525800C00D3E5BE /* Preview Assets.xcassets in Resources */,
				F0C1C72B2525800C00D3E5BE /* Assets.xcassets in Resources */,
			);
			runOnlyForDeploymentPostprocessing = 0;
		};
		F0C1C7352525800D00D3E5BE /* Resources */ = {
			isa = PBXResourcesBuildPhase;
			buildActionMask = 2147483647;
			files = (
			);
			runOnlyForDeploymentPostprocessing = 0;
		};
		F0C1C7402525800D00D3E5BE /* Resources */ = {
			isa = PBXResourcesBuildPhase;
			buildActionMask = 2147483647;
			files = (
			);
			runOnlyForDeploymentPostprocessing = 0;
		};
/* End PBXResourcesBuildPhase section */

/* Begin PBXSourcesBuildPhase section */
		F0C1C71D2525800C00D3E5BE /* Sources */ = {
			isa = PBXSourcesBuildPhase;
			buildActionMask = 2147483647;
			files = (
				F0C1C7252525800C00D3E5BE /* AppDelegate.swift in Sources */,
				F0C1C7272525800C00D3E5BE /* SceneDelegate.swift in Sources */,
				F0C1C7292525800C00D3E5BE /* ContentView.swift in Sources */,
			);
			runOnlyForDeploymentPostprocessing = 0;
		};
		F0C1C7332525800D00D3E5BE /* Sources */ = {
			isa = PBXSourcesBuildPhase;
			buildActionMask = 2147483647;
			files = (
				F0C1C73C2525800D00D3E5BE /* Module_2_DemoTests.swift in Sources */,
			);
			runOnlyForDeploymentPostprocessing = 0;
		};
		F0C1C73E2525800D00D3E5BE /* Sources */ = {
			isa = PBXSourcesBuildPhase;
			buildActionMask = 2147483647;
			files = (
				F0C1C7472525800D00D3E5BE /* Module_2_DemoUITests.swift in Sources */,
			);
			runOnlyForDeploymentPostprocessing = 0;
		};
/* End PBXSourcesBuildPhase section */

/* Begin PBXTargetDependency section */
		F0C1C7392525800D00D3E5BE /* PBXTargetDependency */ = {
			isa = PBXTargetDependency;
			target = F0C1C7202525800C00D3E5BE /* Module 2 Demo */;
			targetProxy = F0C1C7382525800D00D3E5BE /* PBXContainerItemProxy */;
		};
		F0C1C7442525800D00D3E5BE /* PBXTargetDependency */ = {
			isa = PBXTargetDependency;
			target = F0C1C7202525800C00D3E5BE /* Module 2 Demo */;
			targetProxy = F0C1C7432525800D00D3E5BE /* PBXContainerItemProxy */;
		};
/* End PBXTargetDependency section */

/* Begin PBXVariantGroup section */
		F0C1C72F2525800C00D3E5BE /* LaunchScreen.storyboard */ = {
			isa = PBXVariantGroup;
			children = (
				F0C1C7302525800C00D3E5BE /* Base */,
			);
			name = LaunchScreen.storyboard;
			sourceTree = "<group>";
		};
/* End PBXVariantGroup section */

/* Begin XCBuildConfiguration section */
		F0C1C7492525800D00D3E5BE /* Debug */ = {
			isa = XCBuildConfiguration;
			buildSettings = {
				ALWAYS_SEARCH_USER_PATHS = NO;
				CLANG_ANALYZER_NONNULL = YES;
				CLANG_ANALYZER_NUMBER_OBJECT_CONVERSION = YES_AGGRESSIVE;
				CLANG_CXX_LANGUAGE_STANDARD = "gnu++14";
				CLANG_CXX_LIBRARY = "libc++";
				CLANG_ENABLE_MODULES = YES;
				CLANG_ENABLE_OBJC_ARC = YES;
				CLANG_ENABLE_OBJC_WEAK = YES;
				CLANG_WARN_BLOCK_CAPTURE_AUTORELEASING = YES;
				CLANG_WARN_BOOL_CONVERSION = YES;
				CLANG_WARN_COMMA = YES;
				CLANG_WARN_CONSTANT_CONVERSION = YES;
				CLANG_WARN_DEPRECATED_OBJC_IMPLEMENTATIONS = YES;
				CLANG_WARN_DIRECT_OBJC_ISA_USAGE = YES_ERROR;
				CLANG_WARN_DOCUMENTATION_COMMENTS = YES;
				CLANG_WARN_EMPTY_BODY = YES;
				CLANG_WARN_ENUM_CONVERSION = YES;
				CLANG_WARN_INFINITE_RECURSION = YES;
				CLANG_WARN_INT_CONVERSION = YES;
				CLANG_WARN_NON_LITERAL_NULL_CONVERSION = YES;
				CLANG_WARN_OBJC_IMPLICIT_RETAIN_SELF = YES;
				CLANG_WARN_OBJC_LITERAL_CONVERSION = YES;
				CLANG_WARN_OBJC_ROOT_CLASS = YES_ERROR;
				CLANG_WARN_RANGE_LOOP_ANALYSIS = YES;
				CLANG_WARN_STRICT_PROTOTYPES = YES;
				CLANG_WARN_SUSPICIOUS_MOVE = YES;
				CLANG_WARN_UNGUARDED_AVAILABILITY = YES_AGGRESSIVE;
				CLANG_WARN_UNREACHABLE_CODE = YES;
				CLANG_WARN__DUPLICATE_METHOD_MATCH = YES;
				COPY_PHASE_STRIP = NO;
				DEBUG_INFORMATION_FORMAT = dwarf;
				ENABLE_STRICT_OBJC_MSGSEND = YES;
				ENABLE_TESTABILITY = YES;
				GCC_C_LANGUAGE_STANDARD = gnu11;
				GCC_DYNAMIC_NO_PIC = NO;
				GCC_NO_COMMON_BLOCKS = YES;
				GCC_OPTIMIZATION_LEVEL = 0;
				GCC_PREPROCESSOR_DEFINITIONS = (
					"DEBUG=1",
					"$(inherited)",
				);
				GCC_WARN_64_TO_32_BIT_CONVERSION = YES;
				GCC_WARN_ABOUT_RETURN_TYPE = YES_ERROR;
				GCC_WARN_UNDECLARED_SELECTOR = YES;
				GCC_WARN_UNINITIALIZED_AUTOS = YES_AGGRESSIVE;
				GCC_WARN_UNUSED_FUNCTION = YES;
				GCC_WARN_UNUSED_VARIABLE = YES;
				IPHONEOS_DEPLOYMENT_TARGET = 13.7;
				MTL_ENABLE_DEBUG_INFO = INCLUDE_SOURCE;
				MTL_FAST_MATH = YES;
				ONLY_ACTIVE_ARCH = YES;
				SDKROOT = iphoneos;
				SWIFT_ACTIVE_COMPILATION_CONDITIONS = DEBUG;
				SWIFT_OPTIMIZATION_LEVEL = "-Onone";
			};
			name = Debug;
		};
		F0C1C74A2525800D00D3E5BE /* Release */ = {
			isa = XCBuildConfiguration;
			buildSettings = {
				ALWAYS_SEARCH_USER_PATHS = NO;
				CLANG_ANALYZER_NONNULL = YES;
				CLANG_ANALYZER_NUMBER_OBJECT_CONVERSION = YES_AGGRESSIVE;
				CLANG_CXX_LANGUAGE_STANDARD = "gnu++14";
				CLANG_CXX_LIBRARY = "libc++";
				CLANG_ENABLE_MODULES = YES;
				CLANG_ENABLE_OBJC_ARC = YES;
				CLANG_ENABLE_OBJC_WEAK = YES;
				CLANG_WARN_BLOCK_CAPTURE_AUTORELEASING = YES;
				CLANG_WARN_BOOL_CONVERSION = YES;
				CLANG_WARN_COMMA = YES;
				CLANG_WARN_CONSTANT_CONVERSION = YES;
				CLANG_WARN_DEPRECATED_OBJC_IMPLEMENTATIONS = YES;
				CLANG_WARN_DIRECT_OBJC_ISA_USAGE = YES_ERROR;
				CLANG_WARN_DOCUMENTATION_COMMENTS = YES;
				CLANG_WARN_EMPTY_BODY = YES;
				CLANG_WARN_ENUM_CONVERSION = YES;
				CLANG_WARN_INFINITE_RECURSION = YES;
				CLANG_WARN_INT_CONVERSION = YES;
				CLANG_WARN_NON_LITERAL_NULL_CONVERSION = YES;
				CLANG_WARN_OBJC_IMPLICIT_RETAIN_SELF = YES;
				CLANG_WARN_OBJC_LITERAL_CONVERSION = YES;
				CLANG_WARN_OBJC_ROOT_CLASS = YES_ERROR;
				CLANG_WARN_RANGE_LOOP_ANALYSIS = YES;
				CLANG_WARN_STRICT_PROTOTYPES = YES;
				CLANG_WARN_SUSPICIOUS_MOVE = YES;
				CLANG_WARN_UNGUARDED_AVAILABILITY = YES_AGGRESSIVE;
				CLANG_WARN_UNREACHABLE_CODE = YES;
				CLANG_WARN__DUPLICATE_METHOD_MATCH = YES;
				COPY_PHASE_STRIP = NO;
				DEBUG_INFORMATION_FORMAT = "dwarf-with-dsym";
				ENABLE_NS_ASSERTIONS = NO;
				ENABLE_STRICT_OBJC_MSGSEND = YES;
				GCC_C_LANGUAGE_STANDARD = gnu11;
				GCC_NO_COMMON_BLOCKS = YES;
				GCC_WARN_64_TO_32_BIT_CONVERSION = YES;
				GCC_WARN_ABOUT_RETURN_TYPE = YES_ERROR;
				GCC_WARN_UNDECLARED_SELECTOR = YES;
				GCC_WARN_UNINITIALIZED_AUTOS = YES_AGGRESSIVE;
				GCC_WARN_UNUSED_FUNCTION = YES;
				GCC_WARN_UNUSED_VARIABLE = YES;
				IPHONEOS_DEPLOYMENT_TARGET = 13.7;
				MTL_ENABLE_DEBUG_INFO = NO;
				MTL_FAST_MATH = YES;
				SDKROOT = iphoneos;
				SWIFT_COMPILATION_MODE = wholemodule;
				SWIFT_OPTIMIZATION_LEVEL = "-O";
				VALIDATE_PRODUCT = YES;
			};
			name = Release;
		};
		F0C1C74C2525800D00D3E5BE /* Debug */ = {
			isa = XCBuildConfiguration;
			buildSettings = {
				ASSETCATALOG_COMPILER_APPICON_NAME = AppIcon;
				CODE_SIGN_STYLE = Automatic;
				DEVELOPMENT_ASSET_PATHS = "\"Module 2 Demo/Preview Content\"";
				ENABLE_PREVIEWS = YES;
				INFOPLIST_FILE = "Module 2 Demo/Info.plist";
				LD_RUNPATH_SEARCH_PATHS = (
					"$(inherited)",
					"@executable_path/Frameworks",
				);
				PRODUCT_BUNDLE_IDENTIFIER = "SLU.Module-2-Demo";
				PRODUCT_NAME = "$(TARGET_NAME)";
				SWIFT_VERSION = 5.0;
				TARGETED_DEVICE_FAMILY = "1,2";
			};
			name = Debug;
		};
		F0C1C74D2525800D00D3E5BE /* Release */ = {
			isa = XCBuildConfiguration;
			buildSettings = {
				ASSETCATALOG_COMPILER_APPICON_NAME = AppIcon;
				CODE_SIGN_STYLE = Automatic;
				DEVELOPMENT_ASSET_PATHS = "\"Module 2 Demo/Preview Content\"";
				ENABLE_PREVIEWS = YES;
				INFOPLIST_FILE = "Module 2 Demo/Info.plist";
				LD_RUNPATH_SEARCH_PATHS = (
					"$(inherited)",
					"@executable_path/Frameworks",
				);
				PRODUCT_BUNDLE_IDENTIFIER = "SLU.Module-2-Demo";
				PRODUCT_NAME = "$(TARGET_NAME)";
				SWIFT_VERSION = 5.0;
				TARGETED_DEVICE_FAMILY = "1,2";
			};
			name = Release;
		};
		F0C1C74F2525800D00D3E5BE /* Debug */ = {
			isa = XCBuildConfiguration;
			buildSettings = {
				ALWAYS_EMBED_SWIFT_STANDARD_LIBRARIES = YES;
				BUNDLE_LOADER = "$(TEST_HOST)";
				CODE_SIGN_STYLE = Automatic;
				INFOPLIST_FILE = "Module 2 DemoTests/Info.plist";
				IPHONEOS_DEPLOYMENT_TARGET = 13.7;
				LD_RUNPATH_SEARCH_PATHS = (
					"$(inherited)",
					"@executable_path/Frameworks",
					"@loader_path/Frameworks",
				);
				PRODUCT_BUNDLE_IDENTIFIER = "SLU.Module-2-DemoTests";
				PRODUCT_NAME = "$(TARGET_NAME)";
				SWIFT_VERSION = 5.0;
				TARGETED_DEVICE_FAMILY = "1,2";
				TEST_HOST = "$(BUILT_PRODUCTS_DIR)/Module 2 Demo.app/Module 2 Demo";
			};
			name = Debug;
		};
		F0C1C7502525800D00D3E5BE /* Release */ = {
			isa = XCBuildConfiguration;
			buildSettings = {
				ALWAYS_EMBED_SWIFT_STANDARD_LIBRARIES = YES;
				BUNDLE_LOADER = "$(TEST_HOST)";
				CODE_SIGN_STYLE = Automatic;
				INFOPLIST_FILE = "Module 2 DemoTests/Info.plist";
				IPHONEOS_DEPLOYMENT_TARGET = 13.7;
				LD_RUNPATH_SEARCH_PATHS = (
					"$(inherited)",
					"@executable_path/Frameworks",
					"@loader_path/Frameworks",
				);
				PRODUCT_BUNDLE_IDENTIFIER = "SLU.Module-2-DemoTests";
				PRODUCT_NAME = "$(TARGET_NAME)";
				SWIFT_VERSION = 5.0;
				TARGETED_DEVICE_FAMILY = "1,2";
				TEST_HOST = "$(BUILT_PRODUCTS_DIR)/Module 2 Demo.app/Module 2 Demo";
			};
			name = Release;
		};
		F0C1C7522525800D00D3E5BE /* Debug */ = {
			isa = XCBuildConfiguration;
			buildSettings = {
				ALWAYS_EMBED_SWIFT_STANDARD_LIBRARIES = YES;
				CODE_SIGN_STYLE = Automatic;
				INFOPLIST_FILE = "Module 2 DemoUITests/Info.plist";
				LD_RUNPATH_SEARCH_PATHS = (
					"$(inherited)",
					"@executable_path/Frameworks",
					"@loader_path/Frameworks",
				);
				PRODUCT_BUNDLE_IDENTIFIER = "SLU.Module-2-DemoUITests";
				PRODUCT_NAME = "$(TARGET_NAME)";
				SWIFT_VERSION = 5.0;
				TARGETED_DEVICE_FAMILY = "1,2";
				TEST_TARGET_NAME = "Module 2 Demo";
			};
			name = Debug;
		};
		F0C1C7532525800D00D3E5BE /* Release */ = {
			isa = XCBuildConfiguration;
			buildSettings = {
				ALWAYS_EMBED_SWIFT_STANDARD_LIBRARIES = YES;
				CODE_SIGN_STYLE = Automatic;
				INFOPLIST_FILE = "Module 2 DemoUITests/Info.plist";
				LD_RUNPATH_SEARCH_PATHS = (
					"$(inherited)",
					"@executable_path/Frameworks",
					"@loader_path/Frameworks",
				);
				PRODUCT_BUNDLE_IDENTIFIER = "SLU.Module-2-DemoUITests";
				PRODUCT_NAME = "$(TARGET_NAME)";
				SWIFT_VERSION = 5.0;
				TARGETED_DEVICE_FAMILY = "1,2";
				TEST_TARGET_NAME = "Module 2 Demo";
			};
			name = Release;
		};
/* End XCBuildConfiguration section */

/* Begin XCConfigurationList section */
		F0C1C71C2525800B00D3E5BE /* Build configuration list for PBXProject "Module 2 Demo" */ = {
			isa = XCConfigurationList;
			buildConfigurations = (
				F0C1C7492525800D00D3E5BE /* Debug */,
				F0C1C74A2525800D00D3E5BE /* Release */,
			);
			defaultConfigurationIsVisible = 0;
			defaultConfigurationName = Release;
		};
		F0C1C74B2525800D00D3E5BE /* Build configuration list for PBXNativeTarget "Module 2 Demo" */ = {
			isa = XCConfigurationList;
			buildConfigurations = (
				F0C1C74C2525800D00D3E5BE /* Debug */,
				F0C1C74D2525800D00D3E5BE /* Release */,
			);
			defaultConfigurationIsVisible = 0;
			defaultConfigurationName = Release;
		};
		F0C1C74E2525800D00D3E5BE /* Build configuration list for PBXNativeTarget "Module 2 DemoTests" */ = {
			isa = XCConfigurationList;
			buildConfigurations = (
				F0C1C74F2525800D00D3E5BE /* Debug */,
				F0C1C7502525800D00D3E5BE /* Release */,
			);
			defaultConfigurationIsVisible = 0;
			defaultConfigurationName = Release;
		};
		F0C1C7512525800D00D3E5BE /* Build configuration list for PBXNativeTarget "Module 2 DemoUITests" */ = {
			isa = XCConfigurationList;
			buildConfigurations = (
				F0C1C7522525800D00D3E5BE /* Debug */,
				F0C1C7532525800D00D3E5BE /* Release */,
			);
			defaultConfigurationIsVisible = 0;
			defaultConfigurationName = Release;
		};
/* End XCConfigurationList section */
	};
	rootObject = F0C1C7192525800B00D3E5BE /* Project object */;
}
